
Microsoft Visual Studio Solution File, Format Version 12.00
# Visual Studio Version 16
VisualStudioVersion = 16.0.31019.35
MinimumVisualStudioVersion = 10.0.40219.1
Project("{FAE04EC0-301F-11D3-BF4B-00C04F79EFBC}") = "ConnectedNew", "ConnectedNew\ConnectedNew.csproj", "{82F26167-8DFB-4843-AD5F-979A15DB6160}"
EndProject
Global
	GlobalSection(SolutionConfigurationPlatforms) = preSolution
		Debug|Any CPU = Debug|Any CPU
		Release|Any CPU = Release|Any CPU
	EndGlobalSection
	GlobalSection(ProjectConfigurationPlatforms) = postSolution
		{82F26167-8DFB-4843-AD5F-979A15DB6160}.Debug|Any CPU.ActiveCfg = Debug|Any CPU
		{82F26167-8DFB-4843-AD5F-979A15DB6160}.Debug|Any CPU.Build.0 = Debug|Any CPU
		{82F26167-8DFB-4843-AD5F-979A15DB6160}.Release|Any CPU.ActiveCfg = Release|Any CPU
		{82F26167-8DFB-4843-AD5F-979A15DB6160}.Release|Any CPU.Build.0 = Release|Any CPU
	EndGlobalSection
	GlobalSection(SolutionProperties) = preSolution
		HideSolutionNode = FALSE
	EndGlobalSection
	GlobalSection(ExtensibilityGlobals) = postSolution
		SolutionGuid = {ACA77E76-64A1-458D-9E14-E11C401C243B}
	EndGlobalSection
EndGlobal
